
Microsoft Visual Studio Solution File, Format Version 12.00
# Visual Studio Version 17
VisualStudioVersion = 17.7.34221.43
MinimumVisualStudioVersion = 10.0.40219.1
Project("{FAE04EC0-301F-11D3-BF4B-00C04F79EFBC}") = "Creative", "Creative.csproj", "{2D6F2586-0517-40F8-926E-BB5D378428BD}"
EndProject
Global
	GlobalSection(SolutionConfigurationPlatforms) = preSolution
		Debug|Any CPU = Debug|Any CPU
		Release|Any CPU = Release|Any CPU
	EndGlobalSection
	GlobalSection(ProjectConfigurationPlatforms) = postSolution
		{2D6F2586-0517-40F8-926E-BB5D378428BD}.Debug|Any CPU.ActiveCfg = Debug|Any CPU
		{2D6F2586-0517-40F8-926E-BB5D378428BD}.Debug|Any CPU.Build.0 = Debug|Any CPU
		{2D6F2586-0517-40F8-926E-BB5D378428BD}.Release|Any CPU.ActiveCfg = Release|Any CPU
		{2D6F2586-0517-40F8-926E-BB5D378428BD}.Release|Any CPU.Build.0 = Release|Any CPU
	EndGlobalSection
	GlobalSection(SolutionProperties) = preSolution
		HideSolutionNode = FALSE
	EndGlobalSection
	GlobalSection(ExtensibilityGlobals) = postSolution
		SolutionGuid = {E40D8DA0-4EB2-43FD-868C-E3C43B4C802B}
	EndGlobalSection
EndGlobal
